
Microsoft Visual Studio Solution File, Format Version 11.00
# Visual Studio 2010
Project("{FAE04EC0-301F-11D3-BF4B-00C04F79EFBC}") = "Assembly-CSharp", "Assembly-CSharp.csproj", "{e6322618-7106-22af-29c0-caa1c4e6c15f}"
EndProject
Project("{FAE04EC0-301F-11D3-BF4B-00C04F79EFBC}") = "Assembly-CSharp-Editor", "Assembly-CSharp-Editor.csproj", "{1a34c43d-7250-4b05-a9ff-7b70a6a4dc46}"
EndProject
Global
	GlobalSection(SolutionConfigurationPlatforms) = preSolution
		Debug|Any CPU = Debug|Any CPU
	EndGlobalSection
	GlobalSection(ProjectConfigurationPlatforms) = postSolution
		{e6322618-7106-22af-29c0-caa1c4e6c15f}.Debug|Any CPU.ActiveCfg = Debug|Any CPU
		{e6322618-7106-22af-29c0-caa1c4e6c15f}.Debug|Any CPU.Build.0 = Debug|Any CPU
		{1a34c43d-7250-4b05-a9ff-7b70a6a4dc46}.Debug|Any CPU.ActiveCfg = Debug|Any CPU
		{1a34c43d-7250-4b05-a9ff-7b70a6a4dc46}.Debug|Any CPU.Build.0 = Debug|Any CPU
	EndGlobalSection
	GlobalSection(SolutionProperties) = preSolution
		HideSolutionNode = FALSE
	EndGlobalSection
EndGlobal
